// !$*UTF8*$!
{
	archiveVersion = 1;
	classes = {
	};
	objectVersion = 56;
	objects = {

/* Begin PBXBuildFile section */
		0321739704F13BA6F9751BA9 /* Pods_practicar2NVargas.framework in Frameworks */ = {isa = PBXBuildFile; fileRef = F1C442FEDDF8456715631A39 /* Pods_practicar2NVargas.framework */; };
		5A3424C82AEC7188004BE26D /* AppDelegate.swift in Sources */ = {isa = PBXBuildFile; fileRef = 5A3424C72AEC7188004BE26D /* AppDelegate.swift */; };
		5A3424CA2AEC7188004BE26D /* SceneDelegate.swift in Sources */ = {isa = PBXBuildFile; fileRef = 5A3424C92AEC7188004BE26D /* SceneDelegate.swift */; };
		5A3424CC2AEC7188004BE26D /* ViewController.swift in Sources */ = {isa = PBXBuildFile; fileRef = 5A3424CB2AEC7188004BE26D /* ViewController.swift */; };
		5A3424CF2AEC7188004BE26D /* Main.storyboard in Resources */ = {isa = PBXBuildFile; fileRef = 5A3424CD2AEC7188004BE26D /* Main.storyboard */; };
		5A3424D22AEC7188004BE26D /* practicar2NVargas.xcdatamodeld in Sources */ = {isa = PBXBuildFile; fileRef = 5A3424D02AEC7188004BE26D /* practicar2NVargas.xcdatamodeld */; };
		5A3424D42AEC718E004BE26D /* Assets.xcassets in Resources */ = {isa = PBXBuildFile; fileRef = 5A3424D32AEC718E004BE26D /* Assets.xcassets */; };
		5A3424D72AEC718E004BE26D /* LaunchScreen.storyboard in Resources */ = {isa = PBXBuildFile; fileRef = 5A3424D52AEC718E004BE26D /* LaunchScreen.storyboard */; };
		5A3424DF2AECEF23004BE26D /* Supervisor.swift in Sources */ = {isa = PBXBuildFile; fileRef = 5A3424DE2AECEF23004BE26D /* Supervisor.swift */; };
		5A3424E12AECF9D0004BE26D /* DetalleViewController.swift in Sources */ = {isa = PBXBuildFile; fileRef = 5A3424E02AECF9D0004BE26D /* DetalleViewController.swift */; };
/* End PBXBuildFile section */

/* Begin PBXFileReference section */
		3B8547E23E178B376061335B /* Pods-practicar2NVargas.debug.xcconfig */ = {isa = PBXFileReference; includeInIndex = 1; lastKnownFileType = text.xcconfig; name = "Pods-practicar2NVargas.debug.xcconfig"; path = "Target Support Files/Pods-practicar2NVargas/Pods-practicar2NVargas.debug.xcconfig"; sourceTree = "<group>"; };
		5A3424C42AEC7188004BE26D /* practicar2NVargas.app */ = {isa = PBXFileReference; explicitFileType = wrapper.application; includeInIndex = 0; path = practicar2NVargas.app; sourceTree = BUILT_PRODUCTS_DIR; };
		5A3424C72AEC7188004BE26D /* AppDelegate.swift */ = {isa = PBXFileReference; lastKnownFileType = sourcecode.swift; path = AppDelegate.swift; sourceTree = "<group>"; };
		5A3424C92AEC7188004BE26D /* SceneDelegate.swift */ = {isa = PBXFileReference; lastKnownFileType = sourcecode.swift; path = SceneDelegate.swift; sourceTree = "<group>"; };
		5A3424CB2AEC7188004BE26D /* ViewController.swift */ = {isa = PBXFileReference; lastKnownFileType = sourcecode.swift; path = ViewController.swift; sourceTree = "<group>"; };
		5A3424CE2AEC7188004BE26D /* Base */ = {isa = PBXFileReference; lastKnownFileType = file.storyboard; name = Base; path = Base.lproj/Main.storyboard; sourceTree = "<group>"; };
		5A3424D12AEC7188004BE26D /* practicar2NVargas.xcdatamodel */ = {isa = PBXFileReference; lastKnownFileType = wrapper.xcdatamodel; path = practicar2NVargas.xcdatamodel; sourceTree = "<group>"; };
		5A3424D32AEC718E004BE26D /* Assets.xcassets */ = {isa = PBXFileReference; lastKnownFileType = folder.assetcatalog; path = Assets.xcassets; sourceTree = "<group>"; };
		5A3424D62AEC718E004BE26D /* Base */ = {isa = PBXFileReference; lastKnownFileType = file.storyboard; name = Base; path = Base.lproj/LaunchScreen.storyboard; sourceTree = "<group>"; };
		5A3424D82AEC718E004BE26D /* Info.plist */ = {isa = PBXFileReference; lastKnownFileType = text.plist.xml; path = Info.plist; sourceTree = "<group>"; };
		5A3424DE2AECEF23004BE26D /* Supervisor.swift */ = {isa = PBXFileReference; lastKnownFileType = sourcecode.swift; path = Supervisor.swift; sourceTree = "<group>"; };
		5A3424E02AECF9D0004BE26D /* DetalleViewController.swift */ = {isa = PBXFileReference; lastKnownFileType = sourcecode.swift; path = DetalleViewController.swift; sourceTree = "<group>"; };
		E56FF85020EFCD3FB9F45828 /* Pods-practicar2NVargas.release.xcconfig */ = {isa = PBXFileReference; includeInIndex = 1; lastKnownFileType = text.xcconfig; name = "Pods-practicar2NVargas.release.xcconfig"; path = "Target Support Files/Pods-practicar2NVargas/Pods-practicar2NVargas.release.xcconfig"; sourceTree = "<group>"; };
		F1C442FEDDF8456715631A39 /* Pods_practicar2NVargas.framework */ = {isa = PBXFileReference; explicitFileType = wrapper.framework; includeInIndex = 0; path = Pods_practicar2NVargas.framework; sourceTree = BUILT_PRODUCTS_DIR; };
/* End PBXFileReference section */

/* Begin PBXFrameworksBuildPhase section */
		5A3424C12AEC7188004BE26D /* Frameworks */ = {
			isa = PBXFrameworksBuildPhase;
			buildActionMask = 2147483647;
			files = (
				0321739704F13BA6F9751BA9 /* Pods_practicar2NVargas.framework in Frameworks */,
			);
			runOnlyForDeploymentPostprocessing = 0;
		};
/* End PBXFrameworksBuildPhase section */

/* Begin PBXGroup section */
		5A3424BB2AEC7188004BE26D = {
			isa = PBXGroup;
			children = (
				5A3424C62AEC7188004BE26D /* practicar2NVargas */,
				5A3424C52AEC7188004BE26D /* Products */,
				91DDD135E79BDE2B2396DB3B /* Pods */,
				76AA03C0F9C08EF1E8FEEC1B /* Frameworks */,
			);
			sourceTree = "<group>";
		};
		5A3424C52AEC7188004BE26D /* Products */ = {
			isa = PBXGroup;
			children = (
				5A3424C42AEC7188004BE26D /* practicar2NVargas.app */,
			);
			name = Products;
			sourceTree = "<group>";
		};
		5A3424C62AEC7188004BE26D /* practicar2NVargas */ = {
			isa = PBXGroup;
			children = (
				5A3424C72AEC7188004BE26D /* AppDelegate.swift */,
				5A3424C92AEC7188004BE26D /* SceneDelegate.swift */,
				5A3424CB2AEC7188004BE26D /* ViewController.swift */,
				5A3424CD2AEC7188004BE26D /* Main.storyboard */,
				5A3424D32AEC718E004BE26D /* Assets.xcassets */,
				5A3424D52AEC718E004BE26D /* LaunchScreen.storyboard */,
				5A3424D82AEC718E004BE26D /* Info.plist */,
				5A3424D02AEC7188004BE26D /* practicar2NVargas.xcdatamodeld */,
				5A3424DE2AECEF23004BE26D /* Supervisor.swift */,
				5A3424E02AECF9D0004BE26D /* DetalleViewController.swift */,
			);
			path = practicar2NVargas;
			sourceTree = "<group>";
		};
		76AA03C0F9C08EF1E8FEEC1B /* Frameworks */ = {
			isa = PBXGroup;
			children = (
				F1C442FEDDF8456715631A39 /* Pods_practicar2NVargas.framework */,
			);
			name = Frameworks;
			sourceTree = "<group>";
		};
		91DDD135E79BDE2B2396DB3B /* Pods */ = {
			isa = PBXGroup;
			children = (
				3B8547E23E178B376061335B /* Pods-practicar2NVargas.debug.xcconfig */,
				E56FF85020EFCD3FB9F45828 /* Pods-practicar2NVargas.release.xcconfig */,
			);
			path = Pods;
			sourceTree = "<group>";
		};
/* End PBXGroup section */

/* Begin PBXNativeTarget section */
		5A3424C32AEC7188004BE26D /* practicar2NVargas */ = {
			isa = PBXNativeTarget;
			buildConfigurationList = 5A3424DB2AEC718E004BE26D /* Build configuration list for PBXNativeTarget "practicar2NVargas" */;
			buildPhases = (
				35B00F3C4F21F4E01B9574A7 /* [CP] Check Pods Manifest.lock */,
				5A3424C02AEC7188004BE26D /* Sources */,
				5A3424C12AEC7188004BE26D /* Frameworks */,
				5A3424C22AEC7188004BE26D /* Resources */,
				06CDA0CEDE18BB67708D2617 /* [CP] Embed Pods Frameworks */,
			);
			buildRules = (
			);
			dependencies = (
			);
			name = practicar2NVargas;
			productName = practicar2NVargas;
			productReference = 5A3424C42AEC7188004BE26D /* practicar2NVargas.app */;
			productType = "com.apple.product-type.application";
		};
/* End PBXNativeTarget section */

/* Begin PBXProject section */
		5A3424BC2AEC7188004BE26D /* Project object */ = {
			isa = PBXProject;
			attributes = {
				BuildIndependentTargetsInParallel = 1;
				LastSwiftUpdateCheck = 1430;
				LastUpgradeCheck = 1430;
				TargetAttributes = {
					5A3424C32AEC7188004BE26D = {
						CreatedOnToolsVersion = 14.3.1;
					};
				};
			};
			buildConfigurationList = 5A3424BF2AEC7188004BE26D /* Build configuration list for PBXProject "practicar2NVargas" */;
			compatibilityVersion = "Xcode 14.0";
			developmentRegion = en;
			hasScannedForEncodings = 0;
			knownRegions = (
				en,
				Base,
			);
			mainGroup = 5A3424BB2AEC7188004BE26D;
			productRefGroup = 5A3424C52AEC7188004BE26D /* Products */;
			projectDirPath = "";
			projectRoot = "";
			targets = (
				5A3424C32AEC7188004BE26D /* practicar2NVargas */,
			);
		};
/* End PBXProject section */

/* Begin PBXResourcesBuildPhase section */
		5A3424C22AEC7188004BE26D /* Resources */ = {
			isa = PBXResourcesBuildPhase;
			buildActionMask = 2147483647;
			files = (
				5A3424D72AEC718E004BE26D /* LaunchScreen.storyboard in Resources */,
				5A3424D42AEC718E004BE26D /* Assets.xcassets in Resources */,
				5A3424CF2AEC7188004BE26D /* Main.storyboard in Resources */,
			);
			runOnlyForDeploymentPostprocessing = 0;
		};
/* End PBXResourcesBuildPhase section */

/* Begin PBXShellScriptBuildPhase section */
		06CDA0CEDE18BB67708D2617 /* [CP] Embed Pods Frameworks */ = {
			isa = PBXShellScriptBuildPhase;
			buildActionMask = 2147483647;
			files = (
			);
			inputFileListPaths = (
				"${PODS_ROOT}/Target Support Files/Pods-practicar2NVargas/Pods-practicar2NVargas-frameworks-${CONFIGURATION}-input-files.xcfilelist",
			);
			name = "[CP] Embed Pods Frameworks";
			outputFileListPaths = (
				"${PODS_ROOT}/Target Support Files/Pods-practicar2NVargas/Pods-practicar2NVargas-frameworks-${CONFIGURATION}-output-files.xcfilelist",
			);
			runOnlyForDeploymentPostprocessing = 0;
			shellPath = /bin/sh;
			shellScript = "\"${PODS_ROOT}/Target Support Files/Pods-practicar2NVargas/Pods-practicar2NVargas-frameworks.sh\"\n";
			showEnvVarsInLog = 0;
		};
		35B00F3C4F21F4E01B9574A7 /* [CP] Check Pods Manifest.lock */ = {
			isa = PBXShellScriptBuildPhase;
			buildActionMask = 2147483647;
			files = (
			);
			inputFileListPaths = (
			);
			inputPaths = (
				"${PODS_PODFILE_DIR_PATH}/Podfile.lock",
				"${PODS_ROOT}/Manifest.lock",
			);
			name = "[CP] Check Pods Manifest.lock";
			outputFileListPaths = (
			);
			outputPaths = (
				"$(DERIVED_FILE_DIR)/Pods-practicar2NVargas-checkManifestLockResult.txt",
			);
			runOnlyForDeploymentPostprocessing = 0;
			shellPath = /bin/sh;
			shellScript = "diff \"${PODS_PODFILE_DIR_PATH}/Podfile.lock\" \"${PODS_ROOT}/Manifest.lock\" > /dev/null\nif [ $? != 0 ] ; then\n    # print error to STDERR\n    echo \"error: The sandbox is not in sync with the Podfile.lock. Run 'pod install' or update your CocoaPods installation.\" >&2\n    exit 1\nfi\n# This output is used by Xcode 'outputs' to avoid re-running this script phase.\necho \"SUCCESS\" > \"${SCRIPT_OUTPUT_FILE_0}\"\n";
			showEnvVarsInLog = 0;
		};
/* End PBXShellScriptBuildPhase section */

/* Begin PBXSourcesBuildPhase section */
		5A3424C02AEC7188004BE26D /* Sources */ = {
			isa = PBXSourcesBuildPhase;
			buildActionMask = 2147483647;
			files = (
				5A3424E12AECF9D0004BE26D /* DetalleViewController.swift in Sources */,
				5A3424CC2AEC7188004BE26D /* ViewController.swift in Sources */,
				5A3424C82AEC7188004BE26D /* AppDelegate.swift in Sources */,
				5A3424CA2AEC7188004BE26D /* SceneDelegate.swift in Sources */,
				5A3424D22AEC7188004BE26D /* practicar2NVargas.xcdatamodeld in Sources */,
				5A3424DF2AECEF23004BE26D /* Supervisor.swift in Sources */,
			);
			runOnlyForDeploymentPostprocessing = 0;
		};
/* End PBXSourcesBuildPhase section */

/* Begin PBXVariantGroup section */
		5A3424CD2AEC7188004BE26D /* Main.storyboard */ = {
			isa = PBXVariantGroup;
			children = (
				5A3424CE2AEC7188004BE26D /* Base */,
			);
			name = Main.storyboard;
			sourceTree = "<group>";
		};
		5A3424D52AEC718E004BE26D /* LaunchScreen.storyboard */ = {
			isa = PBXVariantGroup;
			children = (
				5A3424D62AEC718E004BE26D /* Base */,
			);
			name = LaunchScreen.storyboard;
			sourceTree = "<group>";
		};
/* End PBXVariantGroup section */

/* Begin XCBuildConfiguration section */
		5A3424D92AEC718E004BE26D /* Debug */ = {
			isa = XCBuildConfiguration;
			buildSettings = {
				ALWAYS_SEARCH_USER_PATHS = NO;
				CLANG_ANALYZER_NONNULL = YES;
				CLANG_ANALYZER_NUMBER_OBJECT_CONVERSION = YES_AGGRESSIVE;
				CLANG_CXX_LANGUAGE_STANDARD = "gnu++20";
				CLANG_ENABLE_MODULES = YES;
				CLANG_ENABLE_OBJC_ARC = YES;
				CLANG_ENABLE_OBJC_WEAK = YES;
				CLANG_WARN_BLOCK_CAPTURE_AUTORELEASING = YES;
				CLANG_WARN_BOOL_CONVERSION = YES;
				CLANG_WARN_COMMA = YES;
				CLANG_WARN_CONSTANT_CONVERSION = YES;
				CLANG_WARN_DEPRECATED_OBJC_IMPLEMENTATIONS = YES;
				CLANG_WARN_DIRECT_OBJC_ISA_USAGE = YES_ERROR;
				CLANG_WARN_DOCUMENTATION_COMMENTS = YES;
				CLANG_WARN_EMPTY_BODY = YES;
				CLANG_WARN_ENUM_CONVERSION = YES;
				CLANG_WARN_INFINITE_RECURSION = YES;
				CLANG_WARN_INT_CONVERSION = YES;
				CLANG_WARN_NON_LITERAL_NULL_CONVERSION = YES;
				CLANG_WARN_OBJC_IMPLICIT_RETAIN_SELF = YES;
				CLANG_WARN_OBJC_LITERAL_CONVERSION = YES;
				CLANG_WARN_OBJC_ROOT_CLASS = YES_ERROR;
				CLANG_WARN_QUOTED_INCLUDE_IN_FRAMEWORK_HEADER = YES;
				CLANG_WARN_RANGE_LOOP_ANALYSIS = YES;
				CLANG_WARN_STRICT_PROTOTYPES = YES;
				CLANG_WARN_SUSPICIOUS_MOVE = YES;
				CLANG_WARN_UNGUARDED_AVAILABILITY = YES_AGGRESSIVE;
				CLANG_WARN_UNREACHABLE_CODE = YES;
				CLANG_WARN__DUPLICATE_METHOD_MATCH = YES;
				COPY_PHASE_STRIP = NO;
				DEBUG_INFORMATION_FORMAT = dwarf;
				ENABLE_STRICT_OBJC_MSGSEND = YES;
				ENABLE_TESTABILITY = YES;
				GCC_C_LANGUAGE_STANDARD = gnu11;
				GCC_DYNAMIC_NO_PIC = NO;
				GCC_NO_COMMON_BLOCKS = YES;
				GCC_OPTIMIZATION_LEVEL = 0;
				GCC_PREPROCESSOR_DEFINITIONS = (
					"DEBUG=1",
					"$(inherited)",
				);
				GCC_WARN_64_TO_32_BIT_CONVERSION = YES;
				GCC_WARN_ABOUT_RETURN_TYPE = YES_ERROR;
				GCC_WARN_UNDECLARED_SELECTOR = YES;
				GCC_WARN_UNINITIALIZED_AUTOS = YES_AGGRESSIVE;
				GCC_WARN_UNUSED_FUNCTION = YES;
				GCC_WARN_UNUSED_VARIABLE = YES;
				IPHONEOS_DEPLOYMENT_TARGET = 16.4;
				MTL_ENABLE_DEBUG_INFO = INCLUDE_SOURCE;
				MTL_FAST_MATH = YES;
				ONLY_ACTIVE_ARCH = YES;
				SDKROOT = iphoneos;
				SWIFT_ACTIVE_COMPILATION_CONDITIONS = DEBUG;
				SWIFT_OPTIMIZATION_LEVEL = "-Onone";
			};
			name = Debug;
		};
		5A3424DA2AEC718E004BE26D /* Release */ = {
			isa = XCBuildConfiguration;
			buildSettings = {
				ALWAYS_SEARCH_USER_PATHS = NO;
				CLANG_ANALYZER_NONNULL = YES;
				CLANG_ANALYZER_NUMBER_OBJECT_CONVERSION = YES_AGGRESSIVE;
				CLANG_CXX_LANGUAGE_STANDARD = "gnu++20";
				CLANG_ENABLE_MODULES = YES;
				CLANG_ENABLE_OBJC_ARC = YES;
				CLANG_ENABLE_OBJC_WEAK = YES;
				CLANG_WARN_BLOCK_CAPTURE_AUTORELEASING = YES;
				CLANG_WARN_BOOL_CONVERSION = YES;
				CLANG_WARN_COMMA = YES;
				CLANG_WARN_CONSTANT_CONVERSION = YES;
				CLANG_WARN_DEPRECATED_OBJC_IMPLEMENTATIONS = YES;
				CLANG_WARN_DIRECT_OBJC_ISA_USAGE = YES_ERROR;
				CLANG_WARN_DOCUMENTATION_COMMENTS = YES;
				CLANG_WARN_EMPTY_BODY = YES;
				CLANG_WARN_ENUM_CONVERSION = YES;
				CLANG_WARN_INFINITE_RECURSION = YES;
				CLANG_WARN_INT_CONVERSION = YES;
				CLANG_WARN_NON_LITERAL_NULL_CONVERSION = YES;
				CLANG_WARN_OBJC_IMPLICIT_RETAIN_SELF = YES;
				CLANG_WARN_OBJC_LITERAL_CONVERSION = YES;
				CLANG_WARN_OBJC_ROOT_CLASS = YES_ERROR;
				CLANG_WARN_QUOTED_INCLUDE_IN_FRAMEWORK_HEADER = YES;
				CLANG_WARN_RANGE_LOOP_ANALYSIS = YES;
				CLANG_WARN_STRICT_PROTOTYPES = YES;
				CLANG_WARN_SUSPICIOUS_MOVE = YES;
				CLANG_WARN_UNGUARDED_AVAILABILITY = YES_AGGRESSIVE;
				CLANG_WARN_UNREACHABLE_CODE = YES;
				CLANG_WARN__DUPLICATE_METHOD_MATCH = YES;
				COPY_PHASE_STRIP = NO;
				DEBUG_INFORMATION_FORMAT = "dwarf-with-dsym";
				ENABLE_NS_ASSERTIONS = NO;
				ENABLE_STRICT_OBJC_MSGSEND = YES;
				GCC_C_LANGUAGE_STANDARD = gnu11;
				GCC_NO_COMMON_BLOCKS = YES;
				GCC_WARN_64_TO_32_BIT_CONVERSION = YES;
				GCC_WARN_ABOUT_RETURN_TYPE = YES_ERROR;
				GCC_WARN_UNDECLARED_SELECTOR = YES;
				GCC_WARN_UNINITIALIZED_AUTOS = YES_AGGRESSIVE;
				GCC_WARN_UNUSED_FUNCTION = YES;
				GCC_WARN_UNUSED_VARIABLE = YES;
				IPHONEOS_DEPLOYMENT_TARGET = 16.4;
				MTL_ENABLE_DEBUG_INFO = NO;
				MTL_FAST_MATH = YES;
				SDKROOT = iphoneos;
				SWIFT_COMPILATION_MODE = wholemodule;
				SWIFT_OPTIMIZATION_LEVEL = "-O";
				VALIDATE_PRODUCT = YES;
			};
			name = Release;
		};
		5A3424DC2AEC718E004BE26D /* Debug */ = {
			isa = XCBuildConfiguration;
			baseConfigurationReference = 3B8547E23E178B376061335B /* Pods-practicar2NVargas.debug.xcconfig */;
			buildSettings = {
				ASSETCATALOG_COMPILER_APPICON_NAME = AppIcon;
				ASSETCATALOG_COMPILER_GLOBAL_ACCENT_COLOR_NAME = AccentColor;
				CODE_SIGN_STYLE = Automatic;
				CURRENT_PROJECT_VERSION = 1;
				GENERATE_INFOPLIST_FILE = YES;
				INFOPLIST_FILE = practicar2NVargas/Info.plist;
				INFOPLIST_KEY_UIApplicationSupportsIndirectInputEvents = YES;
				INFOPLIST_KEY_UILaunchStoryboardName = LaunchScreen;
				INFOPLIST_KEY_UIMainStoryboardFile = Main;
				INFOPLIST_KEY_UISupportedInterfaceOrientations_iPad = "UIInterfaceOrientationPortrait UIInterfaceOrientationPortraitUpsideDown UIInterfaceOrientationLandscapeLeft UIInterfaceOrientationLandscapeRight";
				INFOPLIST_KEY_UISupportedInterfaceOrientations_iPhone = "UIInterfaceOrientationPortrait UIInterfaceOrientationLandscapeLeft UIInterfaceOrientationLandscapeRight";
				LD_RUNPATH_SEARCH_PATHS = (
					"$(inherited)",
					"@executable_path/Frameworks",
				);
				MARKETING_VERSION = 1.0;
				PRODUCT_BUNDLE_IDENTIFIER = cibertec.edu.pe.practicar2NVargas;
				PRODUCT_NAME = "$(TARGET_NAME)";
				SWIFT_EMIT_LOC_STRINGS = YES;
				SWIFT_VERSION = 5.0;
				TARGETED_DEVICE_FAMILY = "1,2";
			};
			name = Debug;
		};
		5A3424DD2AEC718E004BE26D /* Release */ = {
			isa = XCBuildConfiguration;
			baseConfigurationReference = E56FF85020EFCD3FB9F45828 /* Pods-practicar2NVargas.release.xcconfig */;
			buildSettings = {
				ASSETCATALOG_COMPILER_APPICON_NAME = AppIcon;
				ASSETCATALOG_COMPILER_GLOBAL_ACCENT_COLOR_NAME = AccentColor;
				CODE_SIGN_STYLE = Automatic;
				CURRENT_PROJECT_VERSION = 1;
				GENERATE_INFOPLIST_FILE = YES;
				INFOPLIST_FILE = practicar2NVargas/Info.plist;
				INFOPLIST_KEY_UIApplicationSupportsIndirectInputEvents = YES;
				INFOPLIST_KEY_UILaunchStoryboardName = LaunchScreen;
				INFOPLIST_KEY_UIMainStoryboardFile = Main;
				INFOPLIST_KEY_UISupportedInterfaceOrientations_iPad = "UIInterfaceOrientationPortrait UIInterfaceOrientationPortraitUpsideDown UIInterfaceOrientationLandscapeLeft UIInterfaceOrientationLandscapeRight";
				INFOPLIST_KEY_UISupportedInterfaceOrientations_iPhone = "UIInterfaceOrientationPortrait UIInterfaceOrientationLandscapeLeft UIInterfaceOrientationLandscapeRight";
				LD_RUNPATH_SEARCH_PATHS = (
					"$(inherited)",
					"@executable_path/Frameworks",
				);
				MARKETING_VERSION = 1.0;
				PRODUCT_BUNDLE_IDENTIFIER = cibertec.edu.pe.practicar2NVargas;
				PRODUCT_NAME = "$(TARGET_NAME)";
				SWIFT_EMIT_LOC_STRINGS = YES;
				SWIFT_VERSION = 5.0;
				TARGETED_DEVICE_FAMILY = "1,2";
			};
			name = Release;
		};
/* End XCBuildConfiguration section */

/* Begin XCConfigurationList section */
		5A3424BF2AEC7188004BE26D /* Build configuration list for PBXProject "practicar2NVargas" */ = {
			isa = XCConfigurationList;
			buildConfigurations = (
				5A3424D92AEC718E004BE26D /* Debug */,
				5A3424DA2AEC718E004BE26D /* Release */,
			);
			defaultConfigurationIsVisible = 0;
			defaultConfigurationName = Release;
		};
		5A3424DB2AEC718E004BE26D /* Build configuration list for PBXNativeTarget "practicar2NVargas" */ = {
			isa = XCConfigurationList;
			buildConfigurations = (
				5A3424DC2AEC718E004BE26D /* Debug */,
				5A3424DD2AEC718E004BE26D /* Release */,
			);
			defaultConfigurationIsVisible = 0;
			defaultConfigurationName = Release;
		};
/* End XCConfigurationList section */

/* Begin XCVersionGroup section */
		5A3424D02AEC7188004BE26D /* practicar2NVargas.xcdatamodeld */ = {
			isa = XCVersionGroup;
			children = (
				5A3424D12AEC7188004BE26D /* practicar2NVargas.xcdatamodel */,
			);
			currentVersion = 5A3424D12AEC7188004BE26D /* practicar2NVargas.xcdatamodel */;
			path = practicar2NVargas.xcdatamodeld;
			sourceTree = "<group>";
			versionGroupType = wrapper.xcdatamodel;
		};
/* End XCVersionGroup section */
	};
	rootObject = 5A3424BC2AEC7188004BE26D /* Project object */;
}
